
Microsoft Visual Studio Solution File, Format Version 12.00
# Visual Studio Version 17
VisualStudioVersion = 17.3.32825.248
MinimumVisualStudioVersion = 10.0.40219.1
Project("{FAE04EC0-301F-11D3-BF4B-00C04F79EFBC}") = "Experience2", "Experience2\Experience2.csproj", "{78692A1C-2DAD-4CAB-AE39-CB8C6AD40DF6}"
EndProject
Global
	GlobalSection(SolutionConfigurationPlatforms) = preSolution
		Debug|Any CPU = Debug|Any CPU
		Release|Any CPU = Release|Any CPU
	EndGlobalSection
	GlobalSection(ProjectConfigurationPlatforms) = postSolution
		{78692A1C-2DAD-4CAB-AE39-CB8C6AD40DF6}.Debug|Any CPU.ActiveCfg = Debug|Any CPU
		{78692A1C-2DAD-4CAB-AE39-CB8C6AD40DF6}.Debug|Any CPU.Build.0 = Debug|Any CPU
		{78692A1C-2DAD-4CAB-AE39-CB8C6AD40DF6}.Release|Any CPU.ActiveCfg = Release|Any CPU
		{78692A1C-2DAD-4CAB-AE39-CB8C6AD40DF6}.Release|Any CPU.Build.0 = Release|Any CPU
	EndGlobalSection
	GlobalSection(SolutionProperties) = preSolution
		HideSolutionNode = FALSE
	EndGlobalSection
	GlobalSection(ExtensibilityGlobals) = postSolution
		SolutionGuid = {205D76B3-6E2C-41AA-BAB6-65B27033B1A1}
	EndGlobalSection
EndGlobal
